// !$*UTF8*$!
{
	archiveVersion = 1;
	classes = {
	};
	objectVersion = 46;
	objects = {

/* Begin PBXBuildFile section */
		6EF872E0193AA06B007F27C8 /* Foundation.framework in Frameworks */ = {isa = PBXBuildFile; fileRef = 6EF872DF193AA06B007F27C8 /* Foundation.framework */; };
		6EF872E2193AA06B007F27C8 /* CoreGraphics.framework in Frameworks */ = {isa = PBXBuildFile; fileRef = 6EF872E1193AA06B007F27C8 /* CoreGraphics.framework */; };
		6EF872E4193AA06B007F27C8 /* UIKit.framework in Frameworks */ = {isa = PBXBuildFile; fileRef = 6EF872E3193AA06B007F27C8 /* UIKit.framework */; };
		6EF872EA193AA06B007F27C8 /* InfoPlist.strings in Resources */ = {isa = PBXBuildFile; fileRef = 6EF872E8193AA06B007F27C8 /* InfoPlist.strings */; };
		6EF872EC193AA06B007F27C8 /* main.m in Sources */ = {isa = PBXBuildFile; fileRef = 6EF872EB193AA06B007F27C8 /* main.m */; };
		6EF872F0193AA06B007F27C8 /* BNRAppDelegate.m in Sources */ = {isa = PBXBuildFile; fileRef = 6EF872EF193AA06B007F27C8 /* BNRAppDelegate.m */; };
		6EF872F2193AA06B007F27C8 /* Images.xcassets in Resources */ = {isa = PBXBuildFile; fileRef = 6EF872F1193AA06B007F27C8 /* Images.xcassets */; };
		6EF872F9193AA06C007F27C8 /* XCTest.framework in Frameworks */ = {isa = PBXBuildFile; fileRef = 6EF872F8193AA06C007F27C8 /* XCTest.framework */; };
		6EF872FA193AA06C007F27C8 /* Foundation.framework in Frameworks */ = {isa = PBXBuildFile; fileRef = 6EF872DF193AA06B007F27C8 /* Foundation.framework */; };
		6EF872FB193AA06C007F27C8 /* UIKit.framework in Frameworks */ = {isa = PBXBuildFile; fileRef = 6EF872E3193AA06B007F27C8 /* UIKit.framework */; };
		6EF87303193AA06C007F27C8 /* InfoPlist.strings in Resources */ = {isa = PBXBuildFile; fileRef = 6EF87301193AA06C007F27C8 /* InfoPlist.strings */; };
		6EF87305193AA06C007F27C8 /* HypnosisterTests.m in Sources */ = {isa = PBXBuildFile; fileRef = 6EF87304193AA06C007F27C8 /* HypnosisterTests.m */; };
		6EF87310193AA1A1007F27C8 /* BNRHypnosisView.m in Sources */ = {isa = PBXBuildFile; fileRef = 6EF8730F193AA1A1007F27C8 /* BNRHypnosisView.m */; };
		6EF87312193B2563007F27C8 /* logo.png in Resources */ = {isa = PBXBuildFile; fileRef = 6EF87311193B2563007F27C8 /* logo.png */; };
/* End PBXBuildFile section */

/* Begin PBXContainerItemProxy section */
		6EF872FC193AA06C007F27C8 /* PBXContainerItemProxy */ = {
			isa = PBXContainerItemProxy;
			containerPortal = 6EF872D4193AA06B007F27C8 /* Project object */;
			proxyType = 1;
			remoteGlobalIDString = 6EF872DB193AA06B007F27C8;
			remoteInfo = Hypnosister;
		};
/* End PBXContainerItemProxy section */

/* Begin PBXFileReference section */
		6EF872DC193AA06B007F27C8 /* Hypnosister.app */ = {isa = PBXFileReference; explicitFileType = wrapper.application; includeInIndex = 0; path = Hypnosister.app; sourceTree = BUILT_PRODUCTS_DIR; };
		6EF872DF193AA06B007F27C8 /* Foundation.framework */ = {isa = PBXFileReference; lastKnownFileType = wrapper.framework; name = Foundation.framework; path = System/Library/Frameworks/Foundation.framework; sourceTree = SDKROOT; };
		6EF872E1193AA06B007F27C8 /* CoreGraphics.framework */ = {isa = PBXFileReference; lastKnownFileType = wrapper.framework; name = CoreGraphics.framework; path = System/Library/Frameworks/CoreGraphics.framework; sourceTree = SDKROOT; };
		6EF872E3193AA06B007F27C8 /* UIKit.framework */ = {isa = PBXFileReference; lastKnownFileType = wrapper.framework; name = UIKit.framework; path = System/Library/Frameworks/UIKit.framework; sourceTree = SDKROOT; };
		6EF872E7193AA06B007F27C8 /* Hypnosister-Info.plist */ = {isa = PBXFileReference; lastKnownFileType = text.plist.xml; path = "Hypnosister-Info.plist"; sourceTree = "<group>"; };
		6EF872E9193AA06B007F27C8 /* en */ = {isa = PBXFileReference; lastKnownFileType = text.plist.strings; name = en; path = en.lproj/InfoPlist.strings; sourceTree = "<group>"; };
		6EF872EB193AA06B007F27C8 /* main.m */ = {isa = PBXFileReference; lastKnownFileType = sourcecode.c.objc; path = main.m; sourceTree = "<group>"; };
		6EF872ED193AA06B007F27C8 /* Hypnosister-Prefix.pch */ = {isa = PBXFileReference; lastKnownFileType = sourcecode.c.h; path = "Hypnosister-Prefix.pch"; sourceTree = "<group>"; };
		6EF872EE193AA06B007F27C8 /* BNRAppDelegate.h */ = {isa = PBXFileReference; lastKnownFileType = sourcecode.c.h; path = BNRAppDelegate.h; sourceTree = "<group>"; };
		6EF872EF193AA06B007F27C8 /* BNRAppDelegate.m */ = {isa = PBXFileReference; lastKnownFileType = sourcecode.c.objc; path = BNRAppDelegate.m; sourceTree = "<group>"; };
		6EF872F1193AA06B007F27C8 /* Images.xcassets */ = {isa = PBXFileReference; lastKnownFileType = folder.assetcatalog; path = Images.xcassets; sourceTree = "<group>"; };
		6EF872F7193AA06C007F27C8 /* HypnosisterTests.xctest */ = {isa = PBXFileReference; explicitFileType = wrapper.cfbundle; includeInIndex = 0; path = HypnosisterTests.xctest; sourceTree = BUILT_PRODUCTS_DIR; };
		6EF872F8193AA06C007F27C8 /* XCTest.framework */ = {isa = PBXFileReference; lastKnownFileType = wrapper.framework; name = XCTest.framework; path = Library/Frameworks/XCTest.framework; sourceTree = DEVELOPER_DIR; };
		6EF87300193AA06C007F27C8 /* HypnosisterTests-Info.plist */ = {isa = PBXFileReference; lastKnownFileType = text.plist.xml; path = "HypnosisterTests-Info.plist"; sourceTree = "<group>"; };
		6EF87302193AA06C007F27C8 /* en */ = {isa = PBXFileReference; lastKnownFileType = text.plist.strings; name = en; path = en.lproj/InfoPlist.strings; sourceTree = "<group>"; };
		6EF87304193AA06C007F27C8 /* HypnosisterTests.m */ = {isa = PBXFileReference; lastKnownFileType = sourcecode.c.objc; path = HypnosisterTests.m; sourceTree = "<group>"; };
		6EF8730E193AA1A1007F27C8 /* BNRHypnosisView.h */ = {isa = PBXFileReference; fileEncoding = 4; lastKnownFileType = sourcecode.c.h; path = BNRHypnosisView.h; sourceTree = "<group>"; };
		6EF8730F193AA1A1007F27C8 /* BNRHypnosisView.m */ = {isa = PBXFileReference; fileEncoding = 4; lastKnownFileType = sourcecode.c.objc; path = BNRHypnosisView.m; sourceTree = "<group>"; };
		6EF87311193B2563007F27C8 /* logo.png */ = {isa = PBXFileReference; lastKnownFileType = image.png; path = logo.png; sourceTree = "<group>"; };
/* End PBXFileReference section */

/* Begin PBXFrameworksBuildPhase section */
		6EF872D9193AA06B007F27C8 /* Frameworks */ = {
			isa = PBXFrameworksBuildPhase;
			buildActionMask = 2147483647;
			files = (
				6EF872E2193AA06B007F27C8 /* CoreGraphics.framework in Frameworks */,
				6EF872E4193AA06B007F27C8 /* UIKit.framework in Frameworks */,
				6EF872E0193AA06B007F27C8 /* Foundation.framework in Frameworks */,
			);
			runOnlyForDeploymentPostprocessing = 0;
		};
		6EF872F4193AA06C007F27C8 /* Frameworks */ = {
			isa = PBXFrameworksBuildPhase;
			buildActionMask = 2147483647;
			files = (
				6EF872F9193AA06C007F27C8 /* XCTest.framework in Frameworks */,
				6EF872FB193AA06C007F27C8 /* UIKit.framework in Frameworks */,
				6EF872FA193AA06C007F27C8 /* Foundation.framework in Frameworks */,
			);
			runOnlyForDeploymentPostprocessing = 0;
		};
/* End PBXFrameworksBuildPhase section */

/* Begin PBXGroup section */
		6EF872D3193AA06B007F27C8 = {
			isa = PBXGroup;
			children = (
				6EF872E5193AA06B007F27C8 /* Hypnosister */,
				6EF872FE193AA06C007F27C8 /* HypnosisterTests */,
				6EF872DE193AA06B007F27C8 /* Frameworks */,
				6EF872DD193AA06B007F27C8 /* Products */,
			);
			sourceTree = "<group>";
		};
		6EF872DD193AA06B007F27C8 /* Products */ = {
			isa = PBXGroup;
			children = (
				6EF872DC193AA06B007F27C8 /* Hypnosister.app */,
				6EF872F7193AA06C007F27C8 /* HypnosisterTests.xctest */,
			);
			name = Products;
			sourceTree = "<group>";
		};
		6EF872DE193AA06B007F27C8 /* Frameworks */ = {
			isa = PBXGroup;
			children = (
				6EF872DF193AA06B007F27C8 /* Foundation.framework */,
				6EF872E1193AA06B007F27C8 /* CoreGraphics.framework */,
				6EF872E3193AA06B007F27C8 /* UIKit.framework */,
				6EF872F8193AA06C007F27C8 /* XCTest.framework */,
			);
			name = Frameworks;
			sourceTree = "<group>";
		};
		6EF872E5193AA06B007F27C8 /* Hypnosister */ = {
			isa = PBXGroup;
			children = (
				6EF87311193B2563007F27C8 /* logo.png */,
				6EF872EE193AA06B007F27C8 /* BNRAppDelegate.h */,
				6EF872EF193AA06B007F27C8 /* BNRAppDelegate.m */,
				6EF872F1193AA06B007F27C8 /* Images.xcassets */,
				6EF872E6193AA06B007F27C8 /* Supporting Files */,
				6EF8730E193AA1A1007F27C8 /* BNRHypnosisView.h */,
				6EF8730F193AA1A1007F27C8 /* BNRHypnosisView.m */,
			);
			path = Hypnosister;
			sourceTree = "<group>";
		};
		6EF872E6193AA06B007F27C8 /* Supporting Files */ = {
			isa = PBXGroup;
			children = (
				6EF872E7193AA06B007F27C8 /* Hypnosister-Info.plist */,
				6EF872E8193AA06B007F27C8 /* InfoPlist.strings */,
				6EF872EB193AA06B007F27C8 /* main.m */,
				6EF872ED193AA06B007F27C8 /* Hypnosister-Prefix.pch */,
			);
			name = "Supporting Files";
			sourceTree = "<group>";
		};
		6EF872FE193AA06C007F27C8 /* HypnosisterTests */ = {
			isa = PBXGroup;
			children = (
				6EF87304193AA06C007F27C8 /* HypnosisterTests.m */,
				6EF872FF193AA06C007F27C8 /* Supporting Files */,
			);
			path = HypnosisterTests;
			sourceTree = "<group>";
		};
		6EF872FF193AA06C007F27C8 /* Supporting Files */ = {
			isa = PBXGroup;
			children = (
				6EF87300193AA06C007F27C8 /* HypnosisterTests-Info.plist */,
				6EF87301193AA06C007F27C8 /* InfoPlist.strings */,
			);
			name = "Supporting Files";
			sourceTree = "<group>";
		};
/* End PBXGroup section */

/* Begin PBXNativeTarget section */
		6EF872DB193AA06B007F27C8 /* Hypnosister */ = {
			isa = PBXNativeTarget;
			buildConfigurationList = 6EF87308193AA06C007F27C8 /* Build configuration list for PBXNativeTarget "Hypnosister" */;
			buildPhases = (
				6EF872D8193AA06B007F27C8 /* Sources */,
				6EF872D9193AA06B007F27C8 /* Frameworks */,
				6EF872DA193AA06B007F27C8 /* Resources */,
			);
			buildRules = (
			);
			dependencies = (
			);
			name = Hypnosister;
			productName = Hypnosister;
			productReference = 6EF872DC193AA06B007F27C8 /* Hypnosister.app */;
			productType = "com.apple.product-type.application";
		};
		6EF872F6193AA06C007F27C8 /* HypnosisterTests */ = {
			isa = PBXNativeTarget;
			buildConfigurationList = 6EF8730B193AA06C007F27C8 /* Build configuration list for PBXNativeTarget "HypnosisterTests" */;
			buildPhases = (
				6EF872F3193AA06C007F27C8 /* Sources */,
				6EF872F4193AA06C007F27C8 /* Frameworks */,
				6EF872F5193AA06C007F27C8 /* Resources */,
			);
			buildRules = (
			);
			dependencies = (
				6EF872FD193AA06C007F27C8 /* PBXTargetDependency */,
			);
			name = HypnosisterTests;
			productName = HypnosisterTests;
			productReference = 6EF872F7193AA06C007F27C8 /* HypnosisterTests.xctest */;
			productType = "com.apple.product-type.bundle.unit-test";
		};
/* End PBXNativeTarget section */

/* Begin PBXProject section */
		6EF872D4193AA06B007F27C8 /* Project object */ = {
			isa = PBXProject;
			attributes = {
				CLASSPREFIX = BNR;
				LastUpgradeCheck = 0510;
				ORGANIZATIONNAME = artwalk;
				TargetAttributes = {
					6EF872F6193AA06C007F27C8 = {
						TestTargetID = 6EF872DB193AA06B007F27C8;
					};
				};
			};
			buildConfigurationList = 6EF872D7193AA06B007F27C8 /* Build configuration list for PBXProject "Hypnosister" */;
			compatibilityVersion = "Xcode 3.2";
			developmentRegion = English;
			hasScannedForEncodings = 0;
			knownRegions = (
				en,
			);
			mainGroup = 6EF872D3193AA06B007F27C8;
			productRefGroup = 6EF872DD193AA06B007F27C8 /* Products */;
			projectDirPath = "";
			projectRoot = "";
			targets = (
				6EF872DB193AA06B007F27C8 /* Hypnosister */,
				6EF872F6193AA06C007F27C8 /* HypnosisterTests */,
			);
		};
/* End PBXProject section */

/* Begin PBXResourcesBuildPhase section */
		6EF872DA193AA06B007F27C8 /* Resources */ = {
			isa = PBXResourcesBuildPhase;
			buildActionMask = 2147483647;
			files = (
				6EF872EA193AA06B007F27C8 /* InfoPlist.strings in Resources */,
				6EF872F2193AA06B007F27C8 /* Images.xcassets in Resources */,
				6EF87312193B2563007F27C8 /* logo.png in Resources */,
			);
			runOnlyForDeploymentPostprocessing = 0;
		};
		6EF872F5193AA06C007F27C8 /* Resources */ = {
			isa = PBXResourcesBuildPhase;
			buildActionMask = 2147483647;
			files = (
				6EF87303193AA06C007F27C8 /* InfoPlist.strings in Resources */,
			);
			runOnlyForDeploymentPostprocessing = 0;
		};
/* End PBXResourcesBuildPhase section */

/* Begin PBXSourcesBuildPhase section */
		6EF872D8193AA06B007F27C8 /* Sources */ = {
			isa = PBXSourcesBuildPhase;
			buildActionMask = 2147483647;
			files = (
				6EF872EC193AA06B007F27C8 /* main.m in Sources */,
				6EF872F0193AA06B007F27C8 /* BNRAppDelegate.m in Sources */,
				6EF87310193AA1A1007F27C8 /* BNRHypnosisView.m in Sources */,
			);
			runOnlyForDeploymentPostprocessing = 0;
		};
		6EF872F3193AA06C007F27C8 /* Sources */ = {
			isa = PBXSourcesBuildPhase;
			buildActionMask = 2147483647;
			files = (
				6EF87305193AA06C007F27C8 /* HypnosisterTests.m in Sources */,
			);
			runOnlyForDeploymentPostprocessing = 0;
		};
/* End PBXSourcesBuildPhase section */

/* Begin PBXTargetDependency section */
		6EF872FD193AA06C007F27C8 /* PBXTargetDependency */ = {
			isa = PBXTargetDependency;
			target = 6EF872DB193AA06B007F27C8 /* Hypnosister */;
			targetProxy = 6EF872FC193AA06C007F27C8 /* PBXContainerItemProxy */;
		};
/* End PBXTargetDependency section */

/* Begin PBXVariantGroup section */
		6EF872E8193AA06B007F27C8 /* InfoPlist.strings */ = {
			isa = PBXVariantGroup;
			children = (
				6EF872E9193AA06B007F27C8 /* en */,
			);
			name = InfoPlist.strings;
			sourceTree = "<group>";
		};
		6EF87301193AA06C007F27C8 /* InfoPlist.strings */ = {
			isa = PBXVariantGroup;
			children = (
				6EF87302193AA06C007F27C8 /* en */,
			);
			name = InfoPlist.strings;
			sourceTree = "<group>";
		};
/* End PBXVariantGroup section */

/* Begin XCBuildConfiguration section */
		6EF87306193AA06C007F27C8 /* Debug */ = {
			isa = XCBuildConfiguration;
			buildSettings = {
				ALWAYS_SEARCH_USER_PATHS = NO;
				CLANG_CXX_LANGUAGE_STANDARD = "gnu++0x";
				CLANG_CXX_LIBRARY = "libc++";
				CLANG_ENABLE_MODULES = YES;
				CLANG_ENABLE_OBJC_ARC = YES;
				CLANG_WARN_BOOL_CONVERSION = YES;
				CLANG_WARN_CONSTANT_CONVERSION = YES;
				CLANG_WARN_DIRECT_OBJC_ISA_USAGE = YES_ERROR;
				CLANG_WARN_EMPTY_BODY = YES;
				CLANG_WARN_ENUM_CONVERSION = YES;
				CLANG_WARN_INT_CONVERSION = YES;
				CLANG_WARN_OBJC_ROOT_CLASS = YES_ERROR;
				CLANG_WARN__DUPLICATE_METHOD_MATCH = YES;
				"CODE_SIGN_IDENTITY[sdk=iphoneos*]" = "iPhone Developer";
				COPY_PHASE_STRIP = NO;
				GCC_C_LANGUAGE_STANDARD = gnu99;
				GCC_DYNAMIC_NO_PIC = NO;
				GCC_OPTIMIZATION_LEVEL = 0;
				GCC_PREPROCESSOR_DEFINITIONS = (
					"DEBUG=1",
					"$(inherited)",
				);
				GCC_SYMBOLS_PRIVATE_EXTERN = NO;
				GCC_WARN_64_TO_32_BIT_CONVERSION = YES;
				GCC_WARN_ABOUT_RETURN_TYPE = YES_ERROR;
				GCC_WARN_UNDECLARED_SELECTOR = YES;
				GCC_WARN_UNINITIALIZED_AUTOS = YES_AGGRESSIVE;
				GCC_WARN_UNUSED_FUNCTION = YES;
				GCC_WARN_UNUSED_VARIABLE = YES;
				IPHONEOS_DEPLOYMENT_TARGET = 7.1;
				ONLY_ACTIVE_ARCH = YES;
				SDKROOT = iphoneos;
			};
			name = Debug;
		};
		6EF87307193AA06C007F27C8 /* Release */ = {
			isa = XCBuildConfiguration;
			buildSettings = {
				ALWAYS_SEARCH_USER_PATHS = NO;
				CLANG_CXX_LANGUAGE_STANDARD = "gnu++0x";
				CLANG_CXX_LIBRARY = "libc++";
				CLANG_ENABLE_MODULES = YES;
				CLANG_ENABLE_OBJC_ARC = YES;
				CLANG_WARN_BOOL_CONVERSION = YES;
				CLANG_WARN_CONSTANT_CONVERSION = YES;
				CLANG_WARN_DIRECT_OBJC_ISA_USAGE = YES_ERROR;
				CLANG_WARN_EMPTY_BODY = YES;
				CLANG_WARN_ENUM_CONVERSION = YES;
				CLANG_WARN_INT_CONVERSION = YES;
				CLANG_WARN_OBJC_ROOT_CLASS = YES_ERROR;
				CLANG_WARN__DUPLICATE_METHOD_MATCH = YES;
				"CODE_SIGN_IDENTITY[sdk=iphoneos*]" = "iPhone Developer";
				COPY_PHASE_STRIP = YES;
				ENABLE_NS_ASSERTIONS = NO;
				GCC_C_LANGUAGE_STANDARD = gnu99;
				GCC_WARN_64_TO_32_BIT_CONVERSION = YES;
				GCC_WARN_ABOUT_RETURN_TYPE = YES_ERROR;
				GCC_WARN_UNDECLARED_SELECTOR = YES;
				GCC_WARN_UNINITIALIZED_AUTOS = YES_AGGRESSIVE;
				GCC_WARN_UNUSED_FUNCTION = YES;
				GCC_WARN_UNUSED_VARIABLE = YES;
				IPHONEOS_DEPLOYMENT_TARGET = 7.1;
				SDKROOT = iphoneos;
				VALIDATE_PRODUCT = YES;
			};
			name = Release;
		};
		6EF87309193AA06C007F27C8 /* Debug */ = {
			isa = XCBuildConfiguration;
			buildSettings = {
				ASSETCATALOG_COMPILER_APPICON_NAME = AppIcon;
				ASSETCATALOG_COMPILER_LAUNCHIMAGE_NAME = LaunchImage;
				GCC_PRECOMPILE_PREFIX_HEADER = YES;
				GCC_PREFIX_HEADER = "Hypnosister/Hypnosister-Prefix.pch";
				INFOPLIST_FILE = "Hypnosister/Hypnosister-Info.plist";
				PRODUCT_NAME = "$(TARGET_NAME)";
				WRAPPER_EXTENSION = app;
			};
			name = Debug;
		};
		6EF8730A193AA06C007F27C8 /* Release */ = {
			isa = XCBuildConfiguration;
			buildSettings = {
				ASSETCATALOG_COMPILER_APPICON_NAME = AppIcon;
				ASSETCATALOG_COMPILER_LAUNCHIMAGE_NAME = LaunchImage;
				GCC_PRECOMPILE_PREFIX_HEADER = YES;
				GCC_PREFIX_HEADER = "Hypnosister/Hypnosister-Prefix.pch";
				INFOPLIST_FILE = "Hypnosister/Hypnosister-Info.plist";
				PRODUCT_NAME = "$(TARGET_NAME)";
				WRAPPER_EXTENSION = app;
			};
			name = Release;
		};
		6EF8730C193AA06C007F27C8 /* Debug */ = {
			isa = XCBuildConfiguration;
			buildSettings = {
				BUNDLE_LOADER = "$(BUILT_PRODUCTS_DIR)/Hypnosister.app/Hypnosister";
				FRAMEWORK_SEARCH_PATHS = (
					"$(SDKROOT)/Developer/Library/Frameworks",
					"$(inherited)",
					"$(DEVELOPER_FRAMEWORKS_DIR)",
				);
				GCC_PRECOMPILE_PREFIX_HEADER = YES;
				GCC_PREFIX_HEADER = "Hypnosister/Hypnosister-Prefix.pch";
				GCC_PREPROCESSOR_DEFINITIONS = (
					"DEBUG=1",
					"$(inherited)",
				);
				INFOPLIST_FILE = "HypnosisterTests/HypnosisterTests-Info.plist";
				PRODUCT_NAME = "$(TARGET_NAME)";
				TEST_HOST = "$(BUNDLE_LOADER)";
				WRAPPER_EXTENSION = xctest;
			};
			name = Debug;
		};
		6EF8730D193AA06C007F27C8 /* Release */ = {
			isa = XCBuildConfiguration;
			buildSettings = {
				BUNDLE_LOADER = "$(BUILT_PRODUCTS_DIR)/Hypnosister.app/Hypnosister";
				FRAMEWORK_SEARCH_PATHS = (
					"$(SDKROOT)/Developer/Library/Frameworks",
					"$(inherited)",
					"$(DEVELOPER_FRAMEWORKS_DIR)",
				);
				GCC_PRECOMPILE_PREFIX_HEADER = YES;
				GCC_PREFIX_HEADER = "Hypnosister/Hypnosister-Prefix.pch";
				INFOPLIST_FILE = "HypnosisterTests/HypnosisterTests-Info.plist";
				PRODUCT_NAME = "$(TARGET_NAME)";
				TEST_HOST = "$(BUNDLE_LOADER)";
				WRAPPER_EXTENSION = xctest;
			};
			name = Release;
		};
/* End XCBuildConfiguration section */

/* Begin XCConfigurationList section */
		6EF872D7193AA06B007F27C8 /* Build configuration list for PBXProject "Hypnosister" */ = {
			isa = XCConfigurationList;
			buildConfigurations = (
				6EF87306193AA06C007F27C8 /* Debug */,
				6EF87307193AA06C007F27C8 /* Release */,
			);
			defaultConfigurationIsVisible = 0;
			defaultConfigurationName = Release;
		};
		6EF87308193AA06C007F27C8 /* Build configuration list for PBXNativeTarget "Hypnosister" */ = {
			isa = XCConfigurationList;
			buildConfigurations = (
				6EF87309193AA06C007F27C8 /* Debug */,
				6EF8730A193AA06C007F27C8 /* Release */,
			);
			defaultConfigurationIsVisible = 0;
		};
		6EF8730B193AA06C007F27C8 /* Build configuration list for PBXNativeTarget "HypnosisterTests" */ = {
			isa = XCConfigurationList;
			buildConfigurations = (
				6EF8730C193AA06C007F27C8 /* Debug */,
				6EF8730D193AA06C007F27C8 /* Release */,
			);
			defaultConfigurationIsVisible = 0;
		};
/* End XCConfigurationList section */
	};
	rootObject = 6EF872D4193AA06B007F27C8 /* Project object */;
}
